
Microsoft Visual Studio Solution File, Format Version 12.00
# Visual Studio Version 17
VisualStudioVersion = 17.9.34728.123
MinimumVisualStudioVersion = 10.0.40219.1
Project("{FAE04EC0-301F-11D3-BF4B-00C04F79EFBC}") = "Commander", "Commander.csproj", "{BFBB8542-58A7-4F59-BA5D-DB214A02EF97}"
EndProject
Global
	GlobalSection(SolutionConfigurationPlatforms) = preSolution
		Debug|Any CPU = Debug|Any CPU
		Release|Any CPU = Release|Any CPU
	EndGlobalSection
	GlobalSection(ProjectConfigurationPlatforms) = postSolution
		{BFBB8542-58A7-4F59-BA5D-DB214A02EF97}.Debug|Any CPU.ActiveCfg = Debug|Any CPU
		{BFBB8542-58A7-4F59-BA5D-DB214A02EF97}.Debug|Any CPU.Build.0 = Debug|Any CPU
		{BFBB8542-58A7-4F59-BA5D-DB214A02EF97}.Release|Any CPU.ActiveCfg = Release|Any CPU
		{BFBB8542-58A7-4F59-BA5D-DB214A02EF97}.Release|Any CPU.Build.0 = Release|Any CPU
	EndGlobalSection
	GlobalSection(SolutionProperties) = preSolution
		HideSolutionNode = FALSE
	EndGlobalSection
	GlobalSection(ExtensibilityGlobals) = postSolution
		SolutionGuid = {7F4D3E4E-A10F-4994-B127-E3DA7650C685}
	EndGlobalSection
EndGlobal
